
Microsoft Visual Studio Solution File, Format Version 12.00
# Visual Studio Version 17
VisualStudioVersion = 17.14.37203.1 d17.14
MinimumVisualStudioVersion = 10.0.40219.1
Project("{FAE04EC0-301F-11D3-BF4B-00C04F79EFBC}") = "ConsoleApp30", "ConsoleApp30\ConsoleApp30.csproj", "{D133D4A6-58AB-4334-BA62-D99FAAC8D425}"
EndProject
Global
	GlobalSection(SolutionConfigurationPlatforms) = preSolution
		Debug|Any CPU = Debug|Any CPU
		Release|Any CPU = Release|Any CPU
	EndGlobalSection
	GlobalSection(ProjectConfigurationPlatforms) = postSolution
		{D133D4A6-58AB-4334-BA62-D99FAAC8D425}.Debug|Any CPU.ActiveCfg = Debug|Any CPU
		{D133D4A6-58AB-4334-BA62-D99FAAC8D425}.Debug|Any CPU.Build.0 = Debug|Any CPU
		{D133D4A6-58AB-4334-BA62-D99FAAC8D425}.Release|Any CPU.ActiveCfg = Release|Any CPU
		{D133D4A6-58AB-4334-BA62-D99FAAC8D425}.Release|Any CPU.Build.0 = Release|Any CPU
	EndGlobalSection
	GlobalSection(SolutionProperties) = preSolution
		HideSolutionNode = FALSE
	EndGlobalSection
	GlobalSection(ExtensibilityGlobals) = postSolution
		SolutionGuid = {3CCD4D0A-DFCC-4B61-B00E-1C167D6EE12F}
	EndGlobalSection
EndGlobal
